{
  "name": "typescripts",
  "version": "1.0.0",
  "lockfileVersion": 2,
  "requires": true,
  "packages": {
    "": {
      "name": "typescripts",
      "version": "1.0.0",
      "license": "ISC",
      "dependencies": {
        "@types/kendo-ui": "^2022.1.1"
      },
      "devDependencies": {
        "@types/jquery": "^3.5.14"
      }
    },
    "node_modules/@types/jquery": {
      "version": "3.5.14",
      "resolved": "https://registry.npmjs.org/@types/jquery/-/jquery-3.5.14.tgz",
      "integrity": "sha512-X1gtMRMbziVQkErhTQmSe2jFwwENA/Zr+PprCkF63vFq+Yt5PZ4AlKqgmeNlwgn7dhsXEK888eIW2520EpC+xg==",
      "dependencies": {
        "@types/sizzle": "*"
      }
    },
    "node_modules/@types/kendo-ui": {
      "version": "2022.1.1",
      "resolved": "https://registry.npmjs.org/@types/kendo-ui/-/kendo-ui-2022.1.1.tgz",
      "integrity": "sha512-2ZdGnfrA4+VSr+Rh02F8Gr+CLH2OWvAglqalDbhXiuk4h1Iuopho2Ynd+nf+o8aGz1azjugIVzwPgPDml7XGdQ==",
      "dependencies": {
        "@types/jquery": "*"
      }
    },
    "node_modules/@types/sizzle": {
      "version": "2.3.3",
      "resolved": "https://registry.npmjs.org/@types/sizzle/-/sizzle-2.3.3.tgz",
      "integrity": "sha512-JYM8x9EGF163bEyhdJBpR2QX1R5naCJHC8ucJylJ3w9/CVBaskdQ8WqBf8MmQrd1kRvp/a4TS8HJ+bxzR7ZJYQ=="
    }
  },
  "dependencies": {
    "@types/jquery": {
      "version": "3.5.14",
      "resolved": "https://registry.npmjs.org/@types/jquery/-/jquery-3.5.14.tgz",
      "integrity": "sha512-X1gtMRMbziVQkErhTQmSe2jFwwENA/Zr+PprCkF63vFq+Yt5PZ4AlKqgmeNlwgn7dhsXEK888eIW2520EpC+xg==",
      "requires": {
        "@types/sizzle": "*"
      }
    },
    "@types/kendo-ui": {
      "version": "2022.1.1",
      "resolved": "https://registry.npmjs.org/@types/kendo-ui/-/kendo-ui-2022.1.1.tgz",
      "integrity": "sha512-2ZdGnfrA4+VSr+Rh02F8Gr+CLH2OWvAglqalDbhXiuk4h1Iuopho2Ynd+nf+o8aGz1azjugIVzwPgPDml7XGdQ==",
      "requires": {
        "@types/jquery": "*"
      }
    },
    "@types/sizzle": {
      "version": "2.3.3",
      "resolved": "https://registry.npmjs.org/@types/sizzle/-/sizzle-2.3.3.tgz",
      "integrity": "sha512-JYM8x9EGF163bEyhdJBpR2QX1R5naCJHC8ucJylJ3w9/CVBaskdQ8WqBf8MmQrd1kRvp/a4TS8HJ+bxzR7ZJYQ=="
    }
  }
}
